// !$*UTF8*$!
{
	archiveVersion = 1;
	classes = {
	};
	objectVersion = 56;
	objects = {

/* Begin PBXBuildFile section */
		55BBF40C291205E1003A4C72 /* CardGame.swift in Sources */ = {isa = PBXBuildFile; fileRef = 55BBF40B291205E1003A4C72 /* CardGame.swift */; };
		55BBF40F291236C2003A4C72 /* BigTwoGame.swift in Sources */ = {isa = PBXBuildFile; fileRef = 55BBF40E291236C2003A4C72 /* BigTwoGame.swift */; };
		55C2B63629247FC300850BA3 /* SplashScreenView.swift in Sources */ = {isa = PBXBuildFile; fileRef = 55C2B63529247FC300850BA3 /* SplashScreenView.swift */; };
		55C2B6382924B18800850BA3 /* CasinoShip_00.mp3 in Resources */ = {isa = PBXBuildFile; fileRef = 55C2B6372924B18800850BA3 /* CasinoShip_00.mp3 */; };
		55C2B63A2924BA8F00850BA3 /* Playsound.swift in Sources */ = {isa = PBXBuildFile; fileRef = 55C2B6392924BA8F00850BA3 /* Playsound.swift */; };
		55C2B63D2924D57B00850BA3 /* DealCard.mp3 in Resources */ = {isa = PBXBuildFile; fileRef = 55C2B63B2924D57B00850BA3 /* DealCard.mp3 */; };
		80D293B32911F8990010F502 /* BigTwoApp.swift in Sources */ = {isa = PBXBuildFile; fileRef = 80D293B22911F8990010F502 /* BigTwoApp.swift */; };
		80D293B52911F8990010F502 /* MainView.swift in Sources */ = {isa = PBXBuildFile; fileRef = 80D293B42911F8990010F502 /* MainView.swift */; };
		80D293B72911F89A0010F502 /* Assets.xcassets in Resources */ = {isa = PBXBuildFile; fileRef = 80D293B62911F89A0010F502 /* Assets.xcassets */; };
		80D293BA2911F89A0010F502 /* Preview Assets.xcassets in Resources */ = {isa = PBXBuildFile; fileRef = 80D293B92911F89A0010F502 /* Preview Assets.xcassets */; };
		80EF6FA4292511B3000E42C4 /* SelectCard.mp3 in Resources */ = {isa = PBXBuildFile; fileRef = 80EF6FA3292511B3000E42C4 /* SelectCard.mp3 */; };
		80EF6FA729253B23000E42C4 /* PlayCard.mp3 in Resources */ = {isa = PBXBuildFile; fileRef = 80EF6FA629253B23000E42C4 /* PlayCard.mp3 */; };
/* End PBXBuildFile section */

/* Begin PBXFileReference section */
		55BBF40B291205E1003A4C72 /* CardGame.swift */ = {isa = PBXFileReference; lastKnownFileType = sourcecode.swift; path = CardGame.swift; sourceTree = "<group>"; };
		55BBF40E291236C2003A4C72 /* BigTwoGame.swift */ = {isa = PBXFileReference; lastKnownFileType = sourcecode.swift; path = BigTwoGame.swift; sourceTree = "<group>"; };
		55C2B63529247FC300850BA3 /* SplashScreenView.swift */ = {isa = PBXFileReference; lastKnownFileType = sourcecode.swift; path = SplashScreenView.swift; sourceTree = "<group>"; };
		55C2B6372924B18800850BA3 /* CasinoShip_00.mp3 */ = {isa = PBXFileReference; lastKnownFileType = audio.mp3; path = CasinoShip_00.mp3; sourceTree = "<group>"; };
		55C2B6392924BA8F00850BA3 /* Playsound.swift */ = {isa = PBXFileReference; lastKnownFileType = sourcecode.swift; path = Playsound.swift; sourceTree = "<group>"; };
		55C2B63B2924D57B00850BA3 /* DealCard.mp3 */ = {isa = PBXFileReference; lastKnownFileType = audio.mp3; path = DealCard.mp3; sourceTree = "<group>"; };
		80D293AF2911F8990010F502 /* BigTwo.app */ = {isa = PBXFileReference; explicitFileType = wrapper.application; includeInIndex = 0; path = BigTwo.app; sourceTree = BUILT_PRODUCTS_DIR; };
		80D293B22911F8990010F502 /* BigTwoApp.swift */ = {isa = PBXFileReference; lastKnownFileType = sourcecode.swift; path = BigTwoApp.swift; sourceTree = "<group>"; };
		80D293B42911F8990010F502 /* MainView.swift */ = {isa = PBXFileReference; lastKnownFileType = sourcecode.swift; path = MainView.swift; sourceTree = "<group>"; };
		80D293B62911F89A0010F502 /* Assets.xcassets */ = {isa = PBXFileReference; lastKnownFileType = folder.assetcatalog; path = Assets.xcassets; sourceTree = "<group>"; };
		80D293B92911F89A0010F502 /* Preview Assets.xcassets */ = {isa = PBXFileReference; lastKnownFileType = folder.assetcatalog; path = "Preview Assets.xcassets"; sourceTree = "<group>"; };
		80EF6FA3292511B3000E42C4 /* SelectCard.mp3 */ = {isa = PBXFileReference; lastKnownFileType = audio.mp3; path = SelectCard.mp3; sourceTree = "<group>"; };
		80EF6FA629253B23000E42C4 /* PlayCard.mp3 */ = {isa = PBXFileReference; lastKnownFileType = audio.mp3; path = PlayCard.mp3; sourceTree = "<group>"; };
/* End PBXFileReference section */

/* Begin PBXFrameworksBuildPhase section */
		80D293AC2911F8990010F502 /* Frameworks */ = {
			isa = PBXFrameworksBuildPhase;
			buildActionMask = 2147483647;
			files = (
			);
			runOnlyForDeploymentPostprocessing = 0;
		};
/* End PBXFrameworksBuildPhase section */

/* Begin PBXGroup section */
		55BBF40D29123684003A4C72 /* View Model */ = {
			isa = PBXGroup;
			children = (
				55BBF40E291236C2003A4C72 /* BigTwoGame.swift */,
			);
			path = "View Model";
			sourceTree = "<group>";
		};
		80D293A62911F8990010F502 = {
			isa = PBXGroup;
			children = (
				80D293B12911F8990010F502 /* BigTwo */,
				80D293B02911F8990010F502 /* Products */,
			);
			sourceTree = "<group>";
		};
		80D293B02911F8990010F502 /* Products */ = {
			isa = PBXGroup;
			children = (
				80D293AF2911F8990010F502 /* BigTwo.app */,
			);
			name = Products;
			sourceTree = "<group>";
		};
		80D293B12911F8990010F502 /* BigTwo */ = {
			isa = PBXGroup;
			children = (
				80D293B22911F8990010F502 /* BigTwoApp.swift */,
				55C2B63529247FC300850BA3 /* SplashScreenView.swift */,
				80D293B42911F8990010F502 /* MainView.swift */,
				55BBF40B291205E1003A4C72 /* CardGame.swift */,
				55C2B6392924BA8F00850BA3 /* Playsound.swift */,
				80EF6FA5292514D6000E42C4 /* Sound */,
				55BBF40D29123684003A4C72 /* View Model */,
				80D293B62911F89A0010F502 /* Assets.xcassets */,
				80D293B82911F89A0010F502 /* Preview Content */,
			);
			path = BigTwo;
			sourceTree = "<group>";
		};
		80D293B82911F89A0010F502 /* Preview Content */ = {
			isa = PBXGroup;
			children = (
				80D293B92911F89A0010F502 /* Preview Assets.xcassets */,
			);
			path = "Preview Content";
			sourceTree = "<group>";
		};
		80EF6FA5292514D6000E42C4 /* Sound */ = {
			isa = PBXGroup;
			children = (
				55C2B6372924B18800850BA3 /* CasinoShip_00.mp3 */,
				55C2B63B2924D57B00850BA3 /* DealCard.mp3 */,
				80EF6FA629253B23000E42C4 /* PlayCard.mp3 */,
				80EF6FA3292511B3000E42C4 /* SelectCard.mp3 */,
			);
			path = Sound;
			sourceTree = "<group>";
		};
/* End PBXGroup section */

/* Begin PBXNativeTarget section */
		80D293AE2911F8990010F502 /* BigTwo */ = {
			isa = PBXNativeTarget;
			buildConfigurationList = 80D293BD2911F89A0010F502 /* Build configuration list for PBXNativeTarget "BigTwo" */;
			buildPhases = (
				80D293AB2911F8990010F502 /* Sources */,
				80D293AC2911F8990010F502 /* Frameworks */,
				80D293AD2911F8990010F502 /* Resources */,
			);
			buildRules = (
			);
			dependencies = (
			);
			name = BigTwo;
			productName = BigTwo;
			productReference = 80D293AF2911F8990010F502 /* BigTwo.app */;
			productType = "com.apple.product-type.application";
		};
/* End PBXNativeTarget section */

/* Begin PBXProject section */
		80D293A72911F8990010F502 /* Project object */ = {
			isa = PBXProject;
			attributes = {
				BuildIndependentTargetsInParallel = 1;
				LastSwiftUpdateCheck = 1400;
				LastUpgradeCheck = 1400;
				TargetAttributes = {
					80D293AE2911F8990010F502 = {
						CreatedOnToolsVersion = 14.0;
					};
				};
			};
			buildConfigurationList = 80D293AA2911F8990010F502 /* Build configuration list for PBXProject "BigTwo" */;
			compatibilityVersion = "Xcode 14.0";
			developmentRegion = en;
			hasScannedForEncodings = 0;
			knownRegions = (
				en,
				Base,
			);
			mainGroup = 80D293A62911F8990010F502;
			productRefGroup = 80D293B02911F8990010F502 /* Products */;
			projectDirPath = "";
			projectRoot = "";
			targets = (
				80D293AE2911F8990010F502 /* BigTwo */,
			);
		};
/* End PBXProject section */

/* Begin PBXResourcesBuildPhase section */
		80D293AD2911F8990010F502 /* Resources */ = {
			isa = PBXResourcesBuildPhase;
			buildActionMask = 2147483647;
			files = (
				55C2B6382924B18800850BA3 /* CasinoShip_00.mp3 in Resources */,
				80EF6FA4292511B3000E42C4 /* SelectCard.mp3 in Resources */,
				80D293BA2911F89A0010F502 /* Preview Assets.xcassets in Resources */,
				55C2B63D2924D57B00850BA3 /* DealCard.mp3 in Resources */,
				80EF6FA729253B23000E42C4 /* PlayCard.mp3 in Resources */,
				80D293B72911F89A0010F502 /* Assets.xcassets in Resources */,
			);
			runOnlyForDeploymentPostprocessing = 0;
		};
/* End PBXResourcesBuildPhase section */

/* Begin PBXSourcesBuildPhase section */
		80D293AB2911F8990010F502 /* Sources */ = {
			isa = PBXSourcesBuildPhase;
			buildActionMask = 2147483647;
			files = (
				80D293B52911F8990010F502 /* MainView.swift in Sources */,
				55BBF40F291236C2003A4C72 /* BigTwoGame.swift in Sources */,
				55C2B63629247FC300850BA3 /* SplashScreenView.swift in Sources */,
				80D293B32911F8990010F502 /* BigTwoApp.swift in Sources */,
				55BBF40C291205E1003A4C72 /* CardGame.swift in Sources */,
				55C2B63A2924BA8F00850BA3 /* Playsound.swift in Sources */,
			);
			runOnlyForDeploymentPostprocessing = 0;
		};
/* End PBXSourcesBuildPhase section */

/* Begin XCBuildConfiguration section */
		80D293BB2911F89A0010F502 /* Debug */ = {
			isa = XCBuildConfiguration;
			buildSettings = {
				ALWAYS_SEARCH_USER_PATHS = NO;
				CLANG_ANALYZER_NONNULL = YES;
				CLANG_ANALYZER_NUMBER_OBJECT_CONVERSION = YES_AGGRESSIVE;
				CLANG_CXX_LANGUAGE_STANDARD = "gnu++20";
				CLANG_ENABLE_MODULES = YES;
				CLANG_ENABLE_OBJC_ARC = YES;
				CLANG_ENABLE_OBJC_WEAK = YES;
				CLANG_WARN_BLOCK_CAPTURE_AUTORELEASING = YES;
				CLANG_WARN_BOOL_CONVERSION = YES;
				CLANG_WARN_COMMA = YES;
				CLANG_WARN_CONSTANT_CONVERSION = YES;
				CLANG_WARN_DEPRECATED_OBJC_IMPLEMENTATIONS = YES;
				CLANG_WARN_DIRECT_OBJC_ISA_USAGE = YES_ERROR;
				CLANG_WARN_DOCUMENTATION_COMMENTS = YES;
				CLANG_WARN_EMPTY_BODY = YES;
				CLANG_WARN_ENUM_CONVERSION = YES;
				CLANG_WARN_INFINITE_RECURSION = YES;
				CLANG_WARN_INT_CONVERSION = YES;
				CLANG_WARN_NON_LITERAL_NULL_CONVERSION = YES;
				CLANG_WARN_OBJC_IMPLICIT_RETAIN_SELF = YES;
				CLANG_WARN_OBJC_LITERAL_CONVERSION = YES;
				CLANG_WARN_OBJC_ROOT_CLASS = YES_ERROR;
				CLANG_WARN_QUOTED_INCLUDE_IN_FRAMEWORK_HEADER = YES;
				CLANG_WARN_RANGE_LOOP_ANALYSIS = YES;
				CLANG_WARN_STRICT_PROTOTYPES = YES;
				CLANG_WARN_SUSPICIOUS_MOVE = YES;
				CLANG_WARN_UNGUARDED_AVAILABILITY = YES_AGGRESSIVE;
				CLANG_WARN_UNREACHABLE_CODE = YES;
				CLANG_WARN__DUPLICATE_METHOD_MATCH = YES;
				COPY_PHASE_STRIP = NO;
				DEBUG_INFORMATION_FORMAT = dwarf;
				ENABLE_STRICT_OBJC_MSGSEND = YES;
				ENABLE_TESTABILITY = YES;
				GCC_C_LANGUAGE_STANDARD = gnu11;
				GCC_DYNAMIC_NO_PIC = NO;
				GCC_NO_COMMON_BLOCKS = YES;
				GCC_OPTIMIZATION_LEVEL = 0;
				GCC_PREPROCESSOR_DEFINITIONS = (
					"DEBUG=1",
					"$(inherited)",
				);
				GCC_WARN_64_TO_32_BIT_CONVERSION = YES;
				GCC_WARN_ABOUT_RETURN_TYPE = YES_ERROR;
				GCC_WARN_UNDECLARED_SELECTOR = YES;
				GCC_WARN_UNINITIALIZED_AUTOS = YES_AGGRESSIVE;
				GCC_WARN_UNUSED_FUNCTION = YES;
				GCC_WARN_UNUSED_VARIABLE = YES;
				IPHONEOS_DEPLOYMENT_TARGET = 16.0;
				MTL_ENABLE_DEBUG_INFO = INCLUDE_SOURCE;
				MTL_FAST_MATH = YES;
				ONLY_ACTIVE_ARCH = YES;
				SDKROOT = iphoneos;
				SWIFT_ACTIVE_COMPILATION_CONDITIONS = DEBUG;
				SWIFT_OPTIMIZATION_LEVEL = "-Onone";
			};
			name = Debug;
		};
		80D293BC2911F89A0010F502 /* Release */ = {
			isa = XCBuildConfiguration;
			buildSettings = {
				ALWAYS_SEARCH_USER_PATHS = NO;
				CLANG_ANALYZER_NONNULL = YES;
				CLANG_ANALYZER_NUMBER_OBJECT_CONVERSION = YES_AGGRESSIVE;
				CLANG_CXX_LANGUAGE_STANDARD = "gnu++20";
				CLANG_ENABLE_MODULES = YES;
				CLANG_ENABLE_OBJC_ARC = YES;
				CLANG_ENABLE_OBJC_WEAK = YES;
				CLANG_WARN_BLOCK_CAPTURE_AUTORELEASING = YES;
				CLANG_WARN_BOOL_CONVERSION = YES;
				CLANG_WARN_COMMA = YES;
				CLANG_WARN_CONSTANT_CONVERSION = YES;
				CLANG_WARN_DEPRECATED_OBJC_IMPLEMENTATIONS = YES;
				CLANG_WARN_DIRECT_OBJC_ISA_USAGE = YES_ERROR;
				CLANG_WARN_DOCUMENTATION_COMMENTS = YES;
				CLANG_WARN_EMPTY_BODY = YES;
				CLANG_WARN_ENUM_CONVERSION = YES;
				CLANG_WARN_INFINITE_RECURSION = YES;
				CLANG_WARN_INT_CONVERSION = YES;
				CLANG_WARN_NON_LITERAL_NULL_CONVERSION = YES;
				CLANG_WARN_OBJC_IMPLICIT_RETAIN_SELF = YES;
				CLANG_WARN_OBJC_LITERAL_CONVERSION = YES;
				CLANG_WARN_OBJC_ROOT_CLASS = YES_ERROR;
				CLANG_WARN_QUOTED_INCLUDE_IN_FRAMEWORK_HEADER = YES;
				CLANG_WARN_RANGE_LOOP_ANALYSIS = YES;
				CLANG_WARN_STRICT_PROTOTYPES = YES;
				CLANG_WARN_SUSPICIOUS_MOVE = YES;
				CLANG_WARN_UNGUARDED_AVAILABILITY = YES_AGGRESSIVE;
				CLANG_WARN_UNREACHABLE_CODE = YES;
				CLANG_WARN__DUPLICATE_METHOD_MATCH = YES;
				COPY_PHASE_STRIP = NO;
				DEBUG_INFORMATION_FORMAT = "dwarf-with-dsym";
				ENABLE_NS_ASSERTIONS = NO;
				ENABLE_STRICT_OBJC_MSGSEND = YES;
				GCC_C_LANGUAGE_STANDARD = gnu11;
				GCC_NO_COMMON_BLOCKS = YES;
				GCC_WARN_64_TO_32_BIT_CONVERSION = YES;
				GCC_WARN_ABOUT_RETURN_TYPE = YES_ERROR;
				GCC_WARN_UNDECLARED_SELECTOR = YES;
				GCC_WARN_UNINITIALIZED_AUTOS = YES_AGGRESSIVE;
				GCC_WARN_UNUSED_FUNCTION = YES;
				GCC_WARN_UNUSED_VARIABLE = YES;
				IPHONEOS_DEPLOYMENT_TARGET = 16.0;
				MTL_ENABLE_DEBUG_INFO = NO;
				MTL_FAST_MATH = YES;
				SDKROOT = iphoneos;
				SWIFT_COMPILATION_MODE = wholemodule;
				SWIFT_OPTIMIZATION_LEVEL = "-O";
				VALIDATE_PRODUCT = YES;
			};
			name = Release;
		};
		80D293BE2911F89A0010F502 /* Debug */ = {
			isa = XCBuildConfiguration;
			buildSettings = {
				ASSETCATALOG_COMPILER_APPICON_NAME = AppIcon;
				ASSETCATALOG_COMPILER_GLOBAL_ACCENT_COLOR_NAME = AccentColor;
				CODE_SIGN_STYLE = Automatic;
				CURRENT_PROJECT_VERSION = 1;
				DEVELOPMENT_ASSET_PATHS = "\"BigTwo/Preview Content\"";
				DEVELOPMENT_TEAM = 6W4S4MGNGE;
				ENABLE_PREVIEWS = YES;
				GENERATE_INFOPLIST_FILE = YES;
				INFOPLIST_KEY_UIApplicationSceneManifest_Generation = YES;
				INFOPLIST_KEY_UIApplicationSupportsIndirectInputEvents = YES;
				INFOPLIST_KEY_UILaunchScreen_Generation = YES;
				INFOPLIST_KEY_UISupportedInterfaceOrientations_iPad = "UIInterfaceOrientationPortrait UIInterfaceOrientationPortraitUpsideDown UIInterfaceOrientationLandscapeLeft UIInterfaceOrientationLandscapeRight";
				INFOPLIST_KEY_UISupportedInterfaceOrientations_iPhone = "UIInterfaceOrientationPortrait UIInterfaceOrientationLandscapeLeft UIInterfaceOrientationLandscapeRight";
				LD_RUNPATH_SEARCH_PATHS = (
					"$(inherited)",
					"@executable_path/Frameworks",
				);
				MARKETING_VERSION = 1.0;
				PRODUCT_BUNDLE_IDENTIFIER = Hian.BigTwo;
				PRODUCT_NAME = "$(TARGET_NAME)";
				SWIFT_EMIT_LOC_STRINGS = YES;
				SWIFT_VERSION = 5.0;
				TARGETED_DEVICE_FAMILY = "1,2";
			};
			name = Debug;
		};
		80D293BF2911F89A0010F502 /* Release */ = {
			isa = XCBuildConfiguration;
			buildSettings = {
				ASSETCATALOG_COMPILER_APPICON_NAME = AppIcon;
				ASSETCATALOG_COMPILER_GLOBAL_ACCENT_COLOR_NAME = AccentColor;
				CODE_SIGN_STYLE = Automatic;
				CURRENT_PROJECT_VERSION = 1;
				DEVELOPMENT_ASSET_PATHS = "\"BigTwo/Preview Content\"";
				DEVELOPMENT_TEAM = 6W4S4MGNGE;
				ENABLE_PREVIEWS = YES;
				GENERATE_INFOPLIST_FILE = YES;
				INFOPLIST_KEY_UIApplicationSceneManifest_Generation = YES;
				INFOPLIST_KEY_UIApplicationSupportsIndirectInputEvents = YES;
				INFOPLIST_KEY_UILaunchScreen_Generation = YES;
				INFOPLIST_KEY_UISupportedInterfaceOrientations_iPad = "UIInterfaceOrientationPortrait UIInterfaceOrientationPortraitUpsideDown UIInterfaceOrientationLandscapeLeft UIInterfaceOrientationLandscapeRight";
				INFOPLIST_KEY_UISupportedInterfaceOrientations_iPhone = "UIInterfaceOrientationPortrait UIInterfaceOrientationLandscapeLeft UIInterfaceOrientationLandscapeRight";
				LD_RUNPATH_SEARCH_PATHS = (
					"$(inherited)",
					"@executable_path/Frameworks",
				);
				MARKETING_VERSION = 1.0;
				PRODUCT_BUNDLE_IDENTIFIER = Hian.BigTwo;
				PRODUCT_NAME = "$(TARGET_NAME)";
				SWIFT_EMIT_LOC_STRINGS = YES;
				SWIFT_VERSION = 5.0;
				TARGETED_DEVICE_FAMILY = "1,2";
			};
			name = Release;
		};
/* End XCBuildConfiguration section */

/* Begin XCConfigurationList section */
		80D293AA2911F8990010F502 /* Build configuration list for PBXProject "BigTwo" */ = {
			isa = XCConfigurationList;
			buildConfigurations = (
				80D293BB2911F89A0010F502 /* Debug */,
				80D293BC2911F89A0010F502 /* Release */,
			);
			defaultConfigurationIsVisible = 0;
			defaultConfigurationName = Release;
		};
		80D293BD2911F89A0010F502 /* Build configuration list for PBXNativeTarget "BigTwo" */ = {
			isa = XCConfigurationList;
			buildConfigurations = (
				80D293BE2911F89A0010F502 /* Debug */,
				80D293BF2911F89A0010F502 /* Release */,
			);
			defaultConfigurationIsVisible = 0;
			defaultConfigurationName = Release;
		};
/* End XCConfigurationList section */
	};
	rootObject = 80D293A72911F8990010F502 /* Project object */;
}
